
Microsoft Visual Studio Solution File, Format Version 12.00
# Visual Studio Version 16
VisualStudioVersion = 16.0.30011.22
MinimumVisualStudioVersion = 10.0.40219.1
Project("{FAE04EC0-301F-11D3-BF4B-00C04F79EFBC}") = "BatchFileCopyTool", "BatchFileCopyTool\BatchFileCopyTool.csproj", "{249C2114-1E69-4AC1-94B1-F86CE3D185ED}"
EndProject
Global
	GlobalSection(SolutionConfigurationPlatforms) = preSolution
		Debug|Any CPU = Debug|Any CPU
		Release|Any CPU = Release|Any CPU
	EndGlobalSection
	GlobalSection(ProjectConfigurationPlatforms) = postSolution
		{249C2114-1E69-4AC1-94B1-F86CE3D185ED}.Debug|Any CPU.ActiveCfg = Debug|Any CPU
		{249C2114-1E69-4AC1-94B1-F86CE3D185ED}.Debug|Any CPU.Build.0 = Debug|Any CPU
		{249C2114-1E69-4AC1-94B1-F86CE3D185ED}.Release|Any CPU.ActiveCfg = Release|Any CPU
		{249C2114-1E69-4AC1-94B1-F86CE3D185ED}.Release|Any CPU.Build.0 = Release|Any CPU
	EndGlobalSection
	GlobalSection(SolutionProperties) = preSolution
		HideSolutionNode = FALSE
	EndGlobalSection
	GlobalSection(ExtensibilityGlobals) = postSolution
		SolutionGuid = {76F4B34A-AE6B-4F45-ACE5-A3592E884C46}
	EndGlobalSection
EndGlobal
